
Microsoft Visual Studio Solution File, Format Version 12.00
# Visual Studio 2012
Project("{2150E333-8FDC-42A3-9474-1A3956D46DE8}") = "Business Layer", "Business Layer", "{31D4C588-2418-4391-82F1-5B5C380341FF}"
EndProject
Project("{2150E333-8FDC-42A3-9474-1A3956D46DE8}") = "Data Access Layer", "Data Access Layer", "{2C415276-DB15-41CA-BEA9-5BCDD5A45F68}"
EndProject
Project("{2150E333-8FDC-42A3-9474-1A3956D46DE8}") = "Web Presentation Layer", "Web Presentation Layer", "{53899696-E501-45C4-B9B3-2F0D1B469F8E}"
EndProject
Project("{2150E333-8FDC-42A3-9474-1A3956D46DE8}") = "Common", "Common", "{408169D7-5659-4DE7-B9D2-968434E8A1D5}"
EndProject
Project("{2150E333-8FDC-42A3-9474-1A3956D46DE8}") = "Refining", "Refining", "{A6186F41-C926-4D3C-9A10-3E594C6123DA}"
EndProject
Project("{2150E333-8FDC-42A3-9474-1A3956D46DE8}") = "Search", "Search", "{AE5C920C-3C0A-461C-B551-DC59D1F498A5}"
EndProject
Project("{2150E333-8FDC-42A3-9474-1A3956D46DE8}") = "Filter", "Filter", "{CD644F2B-C6D1-4818-B4B8-39D79F910F81}"
EndProject
Project("{FAE04EC0-301F-11D3-BF4B-00C04F79EFBC}") = "Common", "Common\Common.csproj", "{DAAF3641-C6B7-48DC-ADAC-48877A400230}"
EndProject
Project("{FAE04EC0-301F-11D3-BF4B-00C04F79EFBC}") = "FilterManager", "FilterManager\FilterManager.csproj", "{85709F7D-60D4-424E-9FC7-65DBE55F6599}"
EndProject
Project("{FAE04EC0-301F-11D3-BF4B-00C04F79EFBC}") = "FilterPluginDummy", "FilterPluginDummy\FilterPluginDummy.csproj", "{5CC5CB52-0A9E-434D-BEFE-BB6FEED8ACD1}"
EndProject
Project("{FAE04EC0-301F-11D3-BF4B-00C04F79EFBC}") = "SearchManager", "SearchManager\SearchManager.csproj", "{B8A77D23-5C25-4C09-8360-D1B5E62B8F55}"
EndProject
Project("{FAE04EC0-301F-11D3-BF4B-00C04F79EFBC}") = "SearchPluginBing", "SearchPluginBing\SearchPluginBing.csproj", "{40601843-5813-4306-98C9-64967520CB55}"
EndProject
Project("{FAE04EC0-301F-11D3-BF4B-00C04F79EFBC}") = "WebPresentation", "WebPresentation\WebPresentation.csproj", "{79AC93F6-473D-4E7B-BA52-6AD3929DBE6B}"
EndProject
Project("{FAE04EC0-301F-11D3-BF4B-00C04F79EFBC}") = "RefiningManager", "RefiningManager\RefiningManager.csproj", "{DC7EF35F-E700-4AD1-A410-6C78FE3D0837}"
EndProject
Project("{FAE04EC0-301F-11D3-BF4B-00C04F79EFBC}") = "RefiningPluginDummy", "RefiningPluginDummy\RefiningPluginDummy.csproj", "{8CC88D02-3B11-4DE7-825C-0B0775681BC9}"
EndProject
Project("{FAE04EC0-301F-11D3-BF4B-00C04F79EFBC}") = "FilterPluginFreeBase", "FilterPluginFreeBase\FilterPluginFreeBase.csproj", "{FAD6061B-DE03-49C0-AA64-AF99E9285875}"
EndProject
Global
	GlobalSection(SolutionConfigurationPlatforms) = preSolution
		Debug|Any CPU = Debug|Any CPU
		Release|Any CPU = Release|Any CPU
	EndGlobalSection
	GlobalSection(ProjectConfigurationPlatforms) = postSolution
		{DAAF3641-C6B7-48DC-ADAC-48877A400230}.Debug|Any CPU.ActiveCfg = Debug|Any CPU
		{DAAF3641-C6B7-48DC-ADAC-48877A400230}.Debug|Any CPU.Build.0 = Debug|Any CPU
		{DAAF3641-C6B7-48DC-ADAC-48877A400230}.Release|Any CPU.ActiveCfg = Release|Any CPU
		{DAAF3641-C6B7-48DC-ADAC-48877A400230}.Release|Any CPU.Build.0 = Release|Any CPU
		{85709F7D-60D4-424E-9FC7-65DBE55F6599}.Debug|Any CPU.ActiveCfg = Debug|Any CPU
		{85709F7D-60D4-424E-9FC7-65DBE55F6599}.Debug|Any CPU.Build.0 = Debug|Any CPU
		{85709F7D-60D4-424E-9FC7-65DBE55F6599}.Release|Any CPU.ActiveCfg = Release|Any CPU
		{85709F7D-60D4-424E-9FC7-65DBE55F6599}.Release|Any CPU.Build.0 = Release|Any CPU
		{5CC5CB52-0A9E-434D-BEFE-BB6FEED8ACD1}.Debug|Any CPU.ActiveCfg = Debug|Any CPU
		{5CC5CB52-0A9E-434D-BEFE-BB6FEED8ACD1}.Debug|Any CPU.Build.0 = Debug|Any CPU
		{5CC5CB52-0A9E-434D-BEFE-BB6FEED8ACD1}.Release|Any CPU.ActiveCfg = Release|Any CPU
		{5CC5CB52-0A9E-434D-BEFE-BB6FEED8ACD1}.Release|Any CPU.Build.0 = Release|Any CPU
		{B8A77D23-5C25-4C09-8360-D1B5E62B8F55}.Debug|Any CPU.ActiveCfg = Debug|Any CPU
		{B8A77D23-5C25-4C09-8360-D1B5E62B8F55}.Debug|Any CPU.Build.0 = Debug|Any CPU
		{B8A77D23-5C25-4C09-8360-D1B5E62B8F55}.Release|Any CPU.ActiveCfg = Release|Any CPU
		{B8A77D23-5C25-4C09-8360-D1B5E62B8F55}.Release|Any CPU.Build.0 = Release|Any CPU
		{40601843-5813-4306-98C9-64967520CB55}.Debug|Any CPU.ActiveCfg = Debug|Any CPU
		{40601843-5813-4306-98C9-64967520CB55}.Debug|Any CPU.Build.0 = Debug|Any CPU
		{40601843-5813-4306-98C9-64967520CB55}.Release|Any CPU.ActiveCfg = Release|Any CPU
		{40601843-5813-4306-98C9-64967520CB55}.Release|Any CPU.Build.0 = Release|Any CPU
		{79AC93F6-473D-4E7B-BA52-6AD3929DBE6B}.Debug|Any CPU.ActiveCfg = Debug|Any CPU
		{79AC93F6-473D-4E7B-BA52-6AD3929DBE6B}.Debug|Any CPU.Build.0 = Debug|Any CPU
		{79AC93F6-473D-4E7B-BA52-6AD3929DBE6B}.Release|Any CPU.ActiveCfg = Release|Any CPU
		{79AC93F6-473D-4E7B-BA52-6AD3929DBE6B}.Release|Any CPU.Build.0 = Release|Any CPU
		{DC7EF35F-E700-4AD1-A410-6C78FE3D0837}.Debug|Any CPU.ActiveCfg = Debug|Any CPU
		{DC7EF35F-E700-4AD1-A410-6C78FE3D0837}.Debug|Any CPU.Build.0 = Debug|Any CPU
		{DC7EF35F-E700-4AD1-A410-6C78FE3D0837}.Release|Any CPU.ActiveCfg = Release|Any CPU
		{DC7EF35F-E700-4AD1-A410-6C78FE3D0837}.Release|Any CPU.Build.0 = Release|Any CPU
		{8CC88D02-3B11-4DE7-825C-0B0775681BC9}.Debug|Any CPU.ActiveCfg = Debug|Any CPU
		{8CC88D02-3B11-4DE7-825C-0B0775681BC9}.Debug|Any CPU.Build.0 = Debug|Any CPU
		{8CC88D02-3B11-4DE7-825C-0B0775681BC9}.Release|Any CPU.ActiveCfg = Release|Any CPU
		{8CC88D02-3B11-4DE7-825C-0B0775681BC9}.Release|Any CPU.Build.0 = Release|Any CPU
		{FAD6061B-DE03-49C0-AA64-AF99E9285875}.Debug|Any CPU.ActiveCfg = Debug|Any CPU
		{FAD6061B-DE03-49C0-AA64-AF99E9285875}.Debug|Any CPU.Build.0 = Debug|Any CPU
		{FAD6061B-DE03-49C0-AA64-AF99E9285875}.Release|Any CPU.ActiveCfg = Release|Any CPU
		{FAD6061B-DE03-49C0-AA64-AF99E9285875}.Release|Any CPU.Build.0 = Release|Any CPU
	EndGlobalSection
	GlobalSection(SolutionProperties) = preSolution
		HideSolutionNode = FALSE
	EndGlobalSection
	GlobalSection(NestedProjects) = preSolution
		{408169D7-5659-4DE7-B9D2-968434E8A1D5} = {31D4C588-2418-4391-82F1-5B5C380341FF}
		{A6186F41-C926-4D3C-9A10-3E594C6123DA} = {31D4C588-2418-4391-82F1-5B5C380341FF}
		{AE5C920C-3C0A-461C-B551-DC59D1F498A5} = {31D4C588-2418-4391-82F1-5B5C380341FF}
		{CD644F2B-C6D1-4818-B4B8-39D79F910F81} = {31D4C588-2418-4391-82F1-5B5C380341FF}
		{79AC93F6-473D-4E7B-BA52-6AD3929DBE6B} = {53899696-E501-45C4-B9B3-2F0D1B469F8E}
		{DAAF3641-C6B7-48DC-ADAC-48877A400230} = {408169D7-5659-4DE7-B9D2-968434E8A1D5}
		{DC7EF35F-E700-4AD1-A410-6C78FE3D0837} = {A6186F41-C926-4D3C-9A10-3E594C6123DA}
		{8CC88D02-3B11-4DE7-825C-0B0775681BC9} = {A6186F41-C926-4D3C-9A10-3E594C6123DA}
		{B8A77D23-5C25-4C09-8360-D1B5E62B8F55} = {AE5C920C-3C0A-461C-B551-DC59D1F498A5}
		{40601843-5813-4306-98C9-64967520CB55} = {AE5C920C-3C0A-461C-B551-DC59D1F498A5}
		{85709F7D-60D4-424E-9FC7-65DBE55F6599} = {CD644F2B-C6D1-4818-B4B8-39D79F910F81}
		{5CC5CB52-0A9E-434D-BEFE-BB6FEED8ACD1} = {CD644F2B-C6D1-4818-B4B8-39D79F910F81}
		{FAD6061B-DE03-49C0-AA64-AF99E9285875} = {CD644F2B-C6D1-4818-B4B8-39D79F910F81}
	EndGlobalSection
EndGlobal
